$begin 'ConnectionParameters'
	DesktopProcessID=16668
	DesktopProcessPath='D:\\Program Files\\AnsysEM\\AnsysEM21.1\\Win64\\ansysedt.exe'
	LaunchedByWB=false
	$begin 'DesktopStubBlock'
		$begin 'CommDetails'
			TransportType=1
			IPAddress='10.136.68.161'
			ListenPort='51246'
			IPAddressVector[1: '100.115.224.152']
		$end 'CommDetails'
		$begin 'Marshall'
			InstanceID=503
			ProcID=16668
			InterfaceID=1
			FactoryIntID='DesktopInterfaceForWBProxyStubFactory'
		$end 'Marshall'
	$end 'DesktopStubBlock'
	$begin 'DesktopBackgroundObjStubBlock'
		$begin 'CommDetails'
			TransportType=1
			IPAddress='10.136.68.161'
			ListenPort='51246'
			IPAddressVector[1: '100.115.224.152']
		$end 'CommDetails'
		$begin 'Marshall'
			InstanceID=505
			ProcID=16668
			InterfaceID=2
			FactoryIntID='DesktopInterfaceForWBProxyStubFactory'
		$end 'Marshall'
	$end 'DesktopBackgroundObjStubBlock'
$end 'ConnectionParameters'
